Microsoft Visual Studio Solution File, Format Version 12.00
# Visual Studio Version 17
VisualStudioVersion = 17.0.31903.59
MinimumVisualStudioVersion = 10.0.40219.1
Project("{9A19103F-16F7-4668-BE54-9A1E7A4F7556}") = "HniDashOps.API", "src\HniDashOps.API\HniDashOps.API.csproj", "{A1B2C3D4-E5F6-7890-ABCD-EF1234567890}"
EndProject
Project("{9A19103F-16F7-4668-BE54-9A1E7A4F7556}") = "HniDashOps.Core", "src\HniDashOps.Core\HniDashOps.Core.csproj", "{F444A728-4286-4A1D-9AF0-B14069AF1F9B}"
EndProject
Project("{9A19103F-16F7-4668-BE54-9A1E7A4F7556}") = "HniDashOps.Infrastructure", "src\HniDashOps.Infrastructure\HniDashOps.Infrastructure.csproj", "{6E264CE0-F269-4AD9-8D42-94596448B6F1}"
EndProject
Project("{9A19103F-16F7-4668-BE54-9A1E7A4F7556}") = "HniDashOps.Shared", "src\HniDashOps.Shared\HniDashOps.Shared.csproj", "{A0EC2312-1E99-4EF1-9729-53FC1C43305A}"
EndProject
Global
	GlobalSection(SolutionConfigurationPlatforms) = preSolution
		Debug|Any CPU = Debug|Any CPU
		Release|Any CPU = Release|Any CPU
	EndGlobalSection
	GlobalSection(ProjectConfigurationPlatforms) = postSolution
		{A1B2C3D4-E5F6-7890-ABCD-EF1234567890}.Debug|Any CPU.ActiveCfg = Debug|Any CPU
		{A1B2C3D4-E5F6-7890-ABCD-EF1234567890}.Debug|Any CPU.Build.0 = Debug|Any CPU
		{A1B2C3D4-E5F6-7890-ABCD-EF1234567890}.Release|Any CPU.ActiveCfg = Release|Any CPU
		{A1B2C3D4-E5F6-7890-ABCD-EF1234567890}.Release|Any CPU.Build.0 = Release|Any CPU
		{F444A728-4286-4A1D-9AF0-B14069AF1F9B}.Debug|Any CPU.ActiveCfg = Debug|Any CPU
		{F444A728-4286-4A1D-9AF0-B14069AF1F9B}.Debug|Any CPU.Build.0 = Debug|Any CPU
		{F444A728-4286-4A1D-9AF0-B14069AF1F9B}.Release|Any CPU.ActiveCfg = Release|Any CPU
		{F444A728-4286-4A1D-9AF0-B14069AF1F9B}.Release|Any CPU.Build.0 = Release|Any CPU
		{6E264CE0-F269-4AD9-8D42-94596448B6F1}.Debug|Any CPU.ActiveCfg = Debug|Any CPU
		{6E264CE0-F269-4AD9-8D42-94596448B6F1}.Debug|Any CPU.Build.0 = Debug|Any CPU
		{6E264CE0-F269-4AD9-8D42-94596448B6F1}.Release|Any CPU.ActiveCfg = Release|Any CPU
		{6E264CE0-F269-4AD9-8D42-94596448B6F1}.Release|Any CPU.Build.0 = Release|Any CPU
		{A0EC2312-1E99-4EF1-9729-53FC1C43305A}.Debug|Any CPU.ActiveCfg = Debug|Any CPU
		{A0EC2312-1E99-4EF1-9729-53FC1C43305A}.Debug|Any CPU.Build.0 = Debug|Any CPU
		{A0EC2312-1E99-4EF1-9729-53FC1C43305A}.Release|Any CPU.ActiveCfg = Release|Any CPU
		{A0EC2312-1E99-4EF1-9729-53FC1C43305A}.Release|Any CPU.Build.0 = Release|Any CPU
	EndGlobalSection
	GlobalSection(SolutionProperties) = preSolution
		HideSolutionNode = FALSE
	EndGlobalSection
EndGlobal
